// !$*UTF8*$!
{
	archiveVersion = 1;
	classes = {
	};
	objectVersion = 77;
	objects = {

/* Begin PBXBuildFile section */
		3969FD002ECD35E60005C1AE /* Job.swift in Sources */ = {isa = PBXBuildFile; fileRef = 3969FCFF2ECD35E60005C1AE /* Job.swift */; };
		3969FD022ECD36190005C1AE /* JobViewModel.swift in Sources */ = {isa = PBXBuildFile; fileRef = 3969FD012ECD36190005C1AE /* JobViewModel.swift */; };
		3969FD092ECD36E10005C1AE /* JobListView.swift in Sources */ = {isa = PBXBuildFile; fileRef = 3969FD082ECD36E10005C1AE /* JobListView.swift */; };
		3969FD0B2ECD37000005C1AE /* AddEditJobView.swift in Sources */ = {isa = PBXBuildFile; fileRef = 3969FD0A2ECD37000005C1AE /* AddEditJobView.swift */; };
		3969FD0D2ECD372A0005C1AE /* JobDetailView.swift in Sources */ = {isa = PBXBuildFile; fileRef = 3969FD0C2ECD372A0005C1AE /* JobDetailView.swift */; };
		3969FD0F2ECD37F10005C1AE /* Material.swift in Sources */ = {isa = PBXBuildFile; fileRef = 3969FD0E2ECD37F10005C1AE /* Material.swift */; };
		3969FD132ECD3CED0005C1AE /* Rootview .swift in Sources */ = {isa = PBXBuildFile; fileRef = 3969FD122ECD3CED0005C1AE /* Rootview .swift */; };
		3969FD152ECD3F410005C1AE /* AddMaterialView.swift in Sources */ = {isa = PBXBuildFile; fileRef = 3969FD142ECD3F410005C1AE /* AddMaterialView.swift */; };
/* End PBXBuildFile section */

/* Begin PBXFileReference section */
		3969FCF12ECD35790005C1AE /* Esimator Pro.app */ = {isa = PBXFileReference; explicitFileType = wrapper.application; includeInIndex = 0; path = "Esimator Pro.app"; sourceTree = BUILT_PRODUCTS_DIR; };
		3969FCFF2ECD35E60005C1AE /* Job.swift */ = {isa = PBXFileReference; lastKnownFileType = sourcecode.swift; path = Job.swift; sourceTree = "<group>"; };
		3969FD012ECD36190005C1AE /* JobViewModel.swift */ = {isa = PBXFileReference; lastKnownFileType = sourcecode.swift; path = JobViewModel.swift; sourceTree = "<group>"; };
		3969FD082ECD36E10005C1AE /* JobListView.swift */ = {isa = PBXFileReference; lastKnownFileType = sourcecode.swift; path = JobListView.swift; sourceTree = "<group>"; };
		3969FD0A2ECD37000005C1AE /* AddEditJobView.swift */ = {isa = PBXFileReference; lastKnownFileType = sourcecode.swift; path = AddEditJobView.swift; sourceTree = "<group>"; };
		3969FD0C2ECD372A0005C1AE /* JobDetailView.swift */ = {isa = PBXFileReference; lastKnownFileType = sourcecode.swift; path = JobDetailView.swift; sourceTree = "<group>"; };
		3969FD0E2ECD37F10005C1AE /* Material.swift */ = {isa = PBXFileReference; lastKnownFileType = sourcecode.swift; path = Material.swift; sourceTree = "<group>"; };
		3969FD122ECD3CED0005C1AE /* Rootview .swift */ = {isa = PBXFileReference; lastKnownFileType = sourcecode.swift; path = "Rootview .swift"; sourceTree = "<group>"; };
		3969FD142ECD3F410005C1AE /* AddMaterialView.swift */ = {isa = PBXFileReference; lastKnownFileType = sourcecode.swift; path = AddMaterialView.swift; sourceTree = "<group>"; };
/* End PBXFileReference section */

/* Begin PBXFileSystemSynchronizedRootGroup section */
		3969FCF32ECD35790005C1AE /* Esimator Pro */ = {
			isa = PBXFileSystemSynchronizedRootGroup;
			path = "Esimator Pro";
			sourceTree = "<group>";
		};
/* End PBXFileSystemSynchronizedRootGroup section */

/* Begin PBXFrameworksBuildPhase section */
		3969FCEE2ECD35790005C1AE /* Frameworks */ = {
			isa = PBXFrameworksBuildPhase;
			buildActionMask = 2147483647;
			files = (
			);
			runOnlyForDeploymentPostprocessing = 0;
		};
/* End PBXFrameworksBuildPhase section */

/* Begin PBXGroup section */
		3969FCE82ECD35790005C1AE = {
			isa = PBXGroup;
			children = (
				3969FCF32ECD35790005C1AE /* Esimator Pro */,
				3969FD072ECD36970005C1AE /* Utilities */,
				3969FD062ECD368D0005C1AE /* Managers */,
				3969FD052ECD36830005C1AE /* Views */,
				3969FD042ECD366F0005C1AE /* ViewModels */,
				3969FD032ECD36610005C1AE /* Models */,
				3969FCF22ECD35790005C1AE /* Products */,
			);
			sourceTree = "<group>";
		};
		3969FCF22ECD35790005C1AE /* Products */ = {
			isa = PBXGroup;
			children = (
				3969FCF12ECD35790005C1AE /* Esimator Pro.app */,
			);
			name = Products;
			sourceTree = "<group>";
		};
		3969FD032ECD36610005C1AE /* Models */ = {
			isa = PBXGroup;
			children = (
				3969FCFF2ECD35E60005C1AE /* Job.swift */,
			);
			path = Models;
			sourceTree = "<group>";
		};
		3969FD042ECD366F0005C1AE /* ViewModels */ = {
			isa = PBXGroup;
			children = (
				3969FD0E2ECD37F10005C1AE /* Material.swift */,
				3969FD012ECD36190005C1AE /* JobViewModel.swift */,
			);
			path = ViewModels;
			sourceTree = "<group>";
		};
		3969FD052ECD36830005C1AE /* Views */ = {
			isa = PBXGroup;
			children = (
				3969FD122ECD3CED0005C1AE /* Rootview .swift */,
				3969FD082ECD36E10005C1AE /* JobListView.swift */,
				3969FD0A2ECD37000005C1AE /* AddEditJobView.swift */,
				3969FD142ECD3F410005C1AE /* AddMaterialView.swift */,
				3969FD0C2ECD372A0005C1AE /* JobDetailView.swift */,
			);
			path = Views;
			sourceTree = "<group>";
		};
		3969FD062ECD368D0005C1AE /* Managers */ = {
			isa = PBXGroup;
			children = (
			);
			path = Managers;
			sourceTree = "<group>";
		};
		3969FD072ECD36970005C1AE /* Utilities */ = {
			isa = PBXGroup;
			children = (
			);
			path = Utilities;
			sourceTree = "<group>";
		};
/* End PBXGroup section */

/* Begin PBXNativeTarget section */
		3969FCF02ECD35790005C1AE /* Esimator Pro */ = {
			isa = PBXNativeTarget;
			buildConfigurationList = 3969FCFC2ECD357A0005C1AE /* Build configuration list for PBXNativeTarget "Esimator Pro" */;
			buildPhases = (
				3969FCED2ECD35790005C1AE /* Sources */,
				3969FCEE2ECD35790005C1AE /* Frameworks */,
				3969FCEF2ECD35790005C1AE /* Resources */,
			);
			buildRules = (
			);
			dependencies = (
			);
			fileSystemSynchronizedGroups = (
				3969FCF32ECD35790005C1AE /* Esimator Pro */,
			);
			name = "Esimator Pro";
			packageProductDependencies = (
			);
			productName = "Esimator Pro";
			productReference = 3969FCF12ECD35790005C1AE /* Esimator Pro.app */;
			productType = "com.apple.product-type.application";
		};
/* End PBXNativeTarget section */

/* Begin PBXProject section */
		3969FCE92ECD35790005C1AE /* Project object */ = {
			isa = PBXProject;
			attributes = {
				BuildIndependentTargetsInParallel = 1;
				LastSwiftUpdateCheck = 1640;
				LastUpgradeCheck = 1640;
				TargetAttributes = {
					3969FCF02ECD35790005C1AE = {
						CreatedOnToolsVersion = 16.4;
					};
				};
			};
			buildConfigurationList = 3969FCEC2ECD35790005C1AE /* Build configuration list for PBXProject "Esimator Pro" */;
			developmentRegion = en;
			hasScannedForEncodings = 0;
			knownRegions = (
				en,
				Base,
			);
			mainGroup = 3969FCE82ECD35790005C1AE;
			minimizedProjectReferenceProxies = 1;
			preferredProjectObjectVersion = 77;
			productRefGroup = 3969FCF22ECD35790005C1AE /* Products */;
			projectDirPath = "";
			projectRoot = "";
			targets = (
				3969FCF02ECD35790005C1AE /* Esimator Pro */,
			);
		};
/* End PBXProject section */

/* Begin PBXResourcesBuildPhase section */
		3969FCEF2ECD35790005C1AE /* Resources */ = {
			isa = PBXResourcesBuildPhase;
			buildActionMask = 2147483647;
			files = (
			);
			runOnlyForDeploymentPostprocessing = 0;
		};
/* End PBXResourcesBuildPhase section */

/* Begin PBXSourcesBuildPhase section */
		3969FCED2ECD35790005C1AE /* Sources */ = {
			isa = PBXSourcesBuildPhase;
			buildActionMask = 2147483647;
			files = (
				3969FD0F2ECD37F10005C1AE /* Material.swift in Sources */,
				3969FD132ECD3CED0005C1AE /* Rootview .swift in Sources */,
				3969FD0B2ECD37000005C1AE /* AddEditJobView.swift in Sources */,
				3969FD0D2ECD372A0005C1AE /* JobDetailView.swift in Sources */,
				3969FD022ECD36190005C1AE /* JobViewModel.swift in Sources */,
				3969FD152ECD3F410005C1AE /* AddMaterialView.swift in Sources */,
				3969FD002ECD35E60005C1AE /* Job.swift in Sources */,
				3969FD092ECD36E10005C1AE /* JobListView.swift in Sources */,
			);
			runOnlyForDeploymentPostprocessing = 0;
		};
/* End PBXSourcesBuildPhase section */

/* Begin XCBuildConfiguration section */
		3969FCFA2ECD357A0005C1AE /* Debug */ = {
			isa = XCBuildConfiguration;
			buildSettings = {
				ALWAYS_SEARCH_USER_PATHS = NO;
				ASSETCATALOG_COMPILER_GENERATE_SWIFT_ASSET_SYMBOL_EXTENSIONS = YES;
				CLANG_ANALYZER_NONNULL = YES;
				CLANG_ANALYZER_NUMBER_OBJECT_CONVERSION = YES_AGGRESSIVE;
				CLANG_CXX_LANGUAGE_STANDARD = "gnu++20";
				CLANG_ENABLE_MODULES = YES;
				CLANG_ENABLE_OBJC_ARC = YES;
				CLANG_ENABLE_OBJC_WEAK = YES;
				CLANG_WARN_BLOCK_CAPTURE_AUTORELEASING = YES;
				CLANG_WARN_BOOL_CONVERSION = YES;
				CLANG_WARN_COMMA = YES;
				CLANG_WARN_CONSTANT_CONVERSION = YES;
				CLANG_WARN_DEPRECATED_OBJC_IMPLEMENTATIONS = YES;
				CLANG_WARN_DIRECT_OBJC_ISA_USAGE = YES_ERROR;
				CLANG_WARN_DOCUMENTATION_COMMENTS = YES;
				CLANG_WARN_EMPTY_BODY = YES;
				CLANG_WARN_ENUM_CONVERSION = YES;
				CLANG_WARN_INFINITE_RECURSION = YES;
				CLANG_WARN_INT_CONVERSION = YES;
				CLANG_WARN_NON_LITERAL_NULL_CONVERSION = YES;
				CLANG_WARN_OBJC_IMPLICIT_RETAIN_SELF = YES;
				CLANG_WARN_OBJC_LITERAL_CONVERSION = YES;
				CLANG_WARN_OBJC_ROOT_CLASS = YES_ERROR;
				CLANG_WARN_QUOTED_INCLUDE_IN_FRAMEWORK_HEADER = YES;
				CLANG_WARN_RANGE_LOOP_ANALYSIS = YES;
				CLANG_WARN_STRICT_PROTOTYPES = YES;
				CLANG_WARN_SUSPICIOUS_MOVE = YES;
				CLANG_WARN_UNGUARDED_AVAILABILITY = YES_AGGRESSIVE;
				CLANG_WARN_UNREACHABLE_CODE = YES;
				CLANG_WARN__DUPLICATE_METHOD_MATCH = YES;
				COPY_PHASE_STRIP = NO;
				DEBUG_INFORMATION_FORMAT = dwarf;
				DEVELOPMENT_TEAM = AY39H42233;
				ENABLE_STRICT_OBJC_MSGSEND = YES;
				ENABLE_TESTABILITY = YES;
				ENABLE_USER_SCRIPT_SANDBOXING = YES;
				GCC_C_LANGUAGE_STANDARD = gnu17;
				GCC_DYNAMIC_NO_PIC = NO;
				GCC_NO_COMMON_BLOCKS = YES;
				GCC_OPTIMIZATION_LEVEL = 0;
				GCC_PREPROCESSOR_DEFINITIONS = (
					"DEBUG=1",
					"$(inherited)",
				);
				GCC_WARN_64_TO_32_BIT_CONVERSION = YES;
				GCC_WARN_ABOUT_RETURN_TYPE = YES_ERROR;
				GCC_WARN_UNDECLARED_SELECTOR = YES;
				GCC_WARN_UNINITIALIZED_AUTOS = YES_AGGRESSIVE;
				GCC_WARN_UNUSED_FUNCTION = YES;
				GCC_WARN_UNUSED_VARIABLE = YES;
				IPHONEOS_DEPLOYMENT_TARGET = 18.5;
				LOCALIZATION_PREFERS_STRING_CATALOGS = YES;
				MTL_ENABLE_DEBUG_INFO = INCLUDE_SOURCE;
				MTL_FAST_MATH = YES;
				ONLY_ACTIVE_ARCH = YES;
				SDKROOT = iphoneos;
				SWIFT_ACTIVE_COMPILATION_CONDITIONS = "DEBUG $(inherited)";
				SWIFT_OPTIMIZATION_LEVEL = "-Onone";
			};
			name = Debug;
		};
		3969FCFB2ECD357A0005C1AE /* Release */ = {
			isa = XCBuildConfiguration;
			buildSettings = {
				ALWAYS_SEARCH_USER_PATHS = NO;
				ASSETCATALOG_COMPILER_GENERATE_SWIFT_ASSET_SYMBOL_EXTENSIONS = YES;
				CLANG_ANALYZER_NONNULL = YES;
				CLANG_ANALYZER_NUMBER_OBJECT_CONVERSION = YES_AGGRESSIVE;
				CLANG_CXX_LANGUAGE_STANDARD = "gnu++20";
				CLANG_ENABLE_MODULES = YES;
				CLANG_ENABLE_OBJC_ARC = YES;
				CLANG_ENABLE_OBJC_WEAK = YES;
				CLANG_WARN_BLOCK_CAPTURE_AUTORELEASING = YES;
				CLANG_WARN_BOOL_CONVERSION = YES;
				CLANG_WARN_COMMA = YES;
				CLANG_WARN_CONSTANT_CONVERSION = YES;
				CLANG_WARN_DEPRECATED_OBJC_IMPLEMENTATIONS = YES;
				CLANG_WARN_DIRECT_OBJC_ISA_USAGE = YES_ERROR;
				CLANG_WARN_DOCUMENTATION_COMMENTS = YES;
				CLANG_WARN_EMPTY_BODY = YES;
				CLANG_WARN_ENUM_CONVERSION = YES;
				CLANG_WARN_INFINITE_RECURSION = YES;
				CLANG_WARN_INT_CONVERSION = YES;
				CLANG_WARN_NON_LITERAL_NULL_CONVERSION = YES;
				CLANG_WARN_OBJC_IMPLICIT_RETAIN_SELF = YES;
				CLANG_WARN_OBJC_LITERAL_CONVERSION = YES;
				CLANG_WARN_OBJC_ROOT_CLASS = YES_ERROR;
				CLANG_WARN_QUOTED_INCLUDE_IN_FRAMEWORK_HEADER = YES;
				CLANG_WARN_RANGE_LOOP_ANALYSIS = YES;
				CLANG_WARN_STRICT_PROTOTYPES = YES;
				CLANG_WARN_SUSPICIOUS_MOVE = YES;
				CLANG_WARN_UNGUARDED_AVAILABILITY = YES_AGGRESSIVE;
				CLANG_WARN_UNREACHABLE_CODE = YES;
				CLANG_WARN__DUPLICATE_METHOD_MATCH = YES;
				COPY_PHASE_STRIP = NO;
				DEBUG_INFORMATION_FORMAT = "dwarf-with-dsym";
				DEVELOPMENT_TEAM = AY39H42233;
				ENABLE_NS_ASSERTIONS = NO;
				ENABLE_STRICT_OBJC_MSGSEND = YES;
				ENABLE_USER_SCRIPT_SANDBOXING = YES;
				GCC_C_LANGUAGE_STANDARD = gnu17;
				GCC_NO_COMMON_BLOCKS = YES;
				GCC_WARN_64_TO_32_BIT_CONVERSION = YES;
				GCC_WARN_ABOUT_RETURN_TYPE = YES_ERROR;
				GCC_WARN_UNDECLARED_SELECTOR = YES;
				GCC_WARN_UNINITIALIZED_AUTOS = YES_AGGRESSIVE;
				GCC_WARN_UNUSED_FUNCTION = YES;
				GCC_WARN_UNUSED_VARIABLE = YES;
				IPHONEOS_DEPLOYMENT_TARGET = 18.5;
				LOCALIZATION_PREFERS_STRING_CATALOGS = YES;
				MTL_ENABLE_DEBUG_INFO = NO;
				MTL_FAST_MATH = YES;
				SDKROOT = iphoneos;
				SWIFT_COMPILATION_MODE = wholemodule;
				VALIDATE_PRODUCT = YES;
			};
			name = Release;
		};
		3969FCFD2ECD357A0005C1AE /* Debug */ = {
			isa = XCBuildConfiguration;
			buildSettings = {
				ASSETCATALOG_COMPILER_APPICON_NAME = AppIcon;
				ASSETCATALOG_COMPILER_GLOBAL_ACCENT_COLOR_NAME = AccentColor;
				CODE_SIGN_STYLE = Automatic;
				CURRENT_PROJECT_VERSION = 1;
				DEVELOPMENT_TEAM = AY39H42233;
				ENABLE_PREVIEWS = YES;
				GENERATE_INFOPLIST_FILE = YES;
				INFOPLIST_KEY_UIApplicationSceneManifest_Generation = YES;
				INFOPLIST_KEY_UIApplicationSupportsIndirectInputEvents = YES;
				INFOPLIST_KEY_UILaunchScreen_Generation = YES;
				INFOPLIST_KEY_UISupportedInterfaceOrientations_iPad = "UIInterfaceOrientationPortrait UIInterfaceOrientationPortraitUpsideDown UIInterfaceOrientationLandscapeLeft UIInterfaceOrientationLandscapeRight";
				INFOPLIST_KEY_UISupportedInterfaceOrientations_iPhone = "UIInterfaceOrientationPortrait UIInterfaceOrientationLandscapeLeft UIInterfaceOrientationLandscapeRight";
				LD_RUNPATH_SEARCH_PATHS = (
					"$(inherited)",
					"@executable_path/Frameworks",
				);
				MARKETING_VERSION = 1.0;
				PRODUCT_BUNDLE_IDENTIFIER = "com.curtis.Esimator-Pro";
				PRODUCT_NAME = "$(TARGET_NAME)";
				SWIFT_EMIT_LOC_STRINGS = YES;
				SWIFT_VERSION = 5.0;
				TARGETED_DEVICE_FAMILY = "1,2";
			};
			name = Debug;
		};
		3969FCFE2ECD357A0005C1AE /* Release */ = {
			isa = XCBuildConfiguration;
			buildSettings = {
				ASSETCATALOG_COMPILER_APPICON_NAME = AppIcon;
				ASSETCATALOG_COMPILER_GLOBAL_ACCENT_COLOR_NAME = AccentColor;
				CODE_SIGN_STYLE = Automatic;
				CURRENT_PROJECT_VERSION = 1;
				DEVELOPMENT_TEAM = AY39H42233;
				ENABLE_PREVIEWS = YES;
				GENERATE_INFOPLIST_FILE = YES;
				INFOPLIST_KEY_UIApplicationSceneManifest_Generation = YES;
				INFOPLIST_KEY_UIApplicationSupportsIndirectInputEvents = YES;
				INFOPLIST_KEY_UILaunchScreen_Generation = YES;
				INFOPLIST_KEY_UISupportedInterfaceOrientations_iPad = "UIInterfaceOrientationPortrait UIInterfaceOrientationPortraitUpsideDown UIInterfaceOrientationLandscapeLeft UIInterfaceOrientationLandscapeRight";
				INFOPLIST_KEY_UISupportedInterfaceOrientations_iPhone = "UIInterfaceOrientationPortrait UIInterfaceOrientationLandscapeLeft UIInterfaceOrientationLandscapeRight";
				LD_RUNPATH_SEARCH_PATHS = (
					"$(inherited)",
					"@executable_path/Frameworks",
				);
				MARKETING_VERSION = 1.0;
				PRODUCT_BUNDLE_IDENTIFIER = "com.curtis.Esimator-Pro";
				PRODUCT_NAME = "$(TARGET_NAME)";
				SWIFT_EMIT_LOC_STRINGS = YES;
				SWIFT_VERSION = 5.0;
				TARGETED_DEVICE_FAMILY = "1,2";
			};
			name = Release;
		};
/* End XCBuildConfiguration section */

/* Begin XCConfigurationList section */
		3969FCEC2ECD35790005C1AE /* Build configuration list for PBXProject "Esimator Pro" */ = {
			isa = XCConfigurationList;
			buildConfigurations = (
				3969FCFA2ECD357A0005C1AE /* Debug */,
				3969FCFB2ECD357A0005C1AE /* Release */,
			);
			defaultConfigurationIsVisible = 0;
			defaultConfigurationName = Release;
		};
		3969FCFC2ECD357A0005C1AE /* Build configuration list for PBXNativeTarget "Esimator Pro" */ = {
			isa = XCConfigurationList;
			buildConfigurations = (
				3969FCFD2ECD357A0005C1AE /* Debug */,
				3969FCFE2ECD357A0005C1AE /* Release */,
			);
			defaultConfigurationIsVisible = 0;
			defaultConfigurationName = Release;
		};
/* End XCConfigurationList section */
	};
	rootObject = 3969FCE92ECD35790005C1AE /* Project object */;
}
